
Microsoft Visual Studio Solution File, Format Version 12.00
Project("{FAE04EC0-301F-11D3-BF4B-00C04F79EFBC}") = "RunPOEBypassMutex", "RunPOEBypassMutex\RunPOEBypassMutex.csproj", "{99589E38-FC48-478A-9C73-02D408475AE1}"
EndProject
Global
	GlobalSection(SolutionConfigurationPlatforms) = preSolution
		Debug|Any CPU = Debug|Any CPU
		Release|Any CPU = Release|Any CPU
		Release|x64 = Release|x64
	EndGlobalSection
	GlobalSection(ProjectConfigurationPlatforms) = postSolution
		{99589E38-FC48-478A-9C73-02D408475AE1}.Debug|Any CPU.ActiveCfg = Debug|Any CPU
		{99589E38-FC48-478A-9C73-02D408475AE1}.Debug|Any CPU.Build.0 = Debug|Any CPU
		{99589E38-FC48-478A-9C73-02D408475AE1}.Release|Any CPU.ActiveCfg = Release|Any CPU
		{99589E38-FC48-478A-9C73-02D408475AE1}.Release|Any CPU.Build.0 = Release|Any CPU
		{99589E38-FC48-478A-9C73-02D408475AE1}.Release|x64.ActiveCfg = Release|x64
		{99589E38-FC48-478A-9C73-02D408475AE1}.Release|x64.Build.0 = Release|x64
	EndGlobalSection
EndGlobal
